
Microsoft Visual Studio Solution File, Format Version 12.00
# Visual Studio Version 16
VisualStudioVersion = 16.0.31624.102
MinimumVisualStudioVersion = 10.0.40219.1
Project("{FAE04EC0-301F-11D3-BF4B-00C04F79EFBC}") = "HistoryFetcher", "HistoryFetcher.csproj", "{EE898D4B-A2A7-45F9-9911-A0C663C29071}"
EndProject
Global
	GlobalSection(SolutionConfigurationPlatforms) = preSolution
		Debug|Any CPU = Debug|Any CPU
		Release|Any CPU = Release|Any CPU
	EndGlobalSection
	GlobalSection(ProjectConfigurationPlatforms) = postSolution
		{EE898D4B-A2A7-45F9-9911-A0C663C29071}.Debug|Any CPU.ActiveCfg = Debug|Any CPU
		{EE898D4B-A2A7-45F9-9911-A0C663C29071}.Debug|Any CPU.Build.0 = Debug|Any CPU
		{EE898D4B-A2A7-45F9-9911-A0C663C29071}.Release|Any CPU.ActiveCfg = Release|Any CPU
		{EE898D4B-A2A7-45F9-9911-A0C663C29071}.Release|Any CPU.Build.0 = Release|Any CPU
	EndGlobalSection
	GlobalSection(SolutionProperties) = preSolution
		HideSolutionNode = FALSE
	EndGlobalSection
	GlobalSection(ExtensibilityGlobals) = postSolution
		SolutionGuid = {4C92F582-D6F7-4BE9-B0E0-4F57FB982973}
	EndGlobalSection
EndGlobal
